{
  "requires": true,
  "lockfileVersion": 1,
  "dependencies": {
    "tns-material": {
      "version": "1.0.3",
      "resolved": "https://registry.npmjs.org/tns-material/-/tns-material-1.0.3.tgz",
      "integrity": "sha512-1uEcI5TRPhorG/ZEraLWg3RI630ZG/+LDYnl9krjzmrB0J89VMN6t0WiAkcog9+x0AVXbKkDaRpseH8RDcu2KA=="
    }
  }
}
